{
  "requires": true,
  "lockfileVersion": 1,
  "dependencies": {
    "@next/env": {
      "version": "13.2.5-canary.27",
      "resolved": "https://registry.npmjs.org/@next/env/-/env-13.2.5-canary.27.tgz",
      "integrity": "sha512-WxUx/JhvJBVirGxGqLZu5gyCLRCz5oO9t83bHQAeOcqYArccqlYGX1BK6Y1Gu/m7P/zorY5R9ewjayhp72NTIA=="
    },
    "@next/swc-darwin-arm64": {
      "version": "13.2.5-canary.27",
      "resolved": "https://registry.npmjs.org/@next/swc-darwin-arm64/-/swc-darwin-arm64-13.2.5-canary.27.tgz",
      "integrity": "sha512-7ItolCUnUzl8Ae52ol0CdoZ1D//yQccEA3J2SfLemvrK77YdPOeepL7Ye2IOYVLJ7xfrrWuV2OjLCs8tJsY03Q==",
      "optional": true
    },
    "@next/swc-darwin-x64": {
      "version": "13.2.5-canary.27",
      "resolved": "https://registry.npmjs.org/@next/swc-darwin-x64/-/swc-darwin-x64-13.2.5-canary.27.tgz",
      "integrity": "sha512-qBP4FMx1vr/0sXclVVHWw53peIJdsMw/us85+XQT2JSiY/XsgLKlazFRmx6JlfAszFklYymeYE/m8756KOUKfQ==",
      "optional": true
    },
    "@next/swc-linux-arm64-gnu": {
      "version": "13.2.5-canary.27",
      "resolved": "https://registry.npmjs.org/@next/swc-linux-arm64-gnu/-/swc-linux-arm64-gnu-13.2.5-canary.27.tgz",
      "integrity": "sha512-Vl8FSs0fCl6AQm9MGNjVy0XDbfCNWZ94Nc5PReDjySbHt/O52ojG/A4TF9nGsccMRbri2PvJ8hqKmQ3w5Ybcgw==",
      "optional": true
    },
    "@next/swc-linux-arm64-musl": {
      "version": "13.2.5-canary.27",
      "resolved": "https://registry.npmjs.org/@next/swc-linux-arm64-musl/-/swc-linux-arm64-musl-13.2.5-canary.27.tgz",
      "integrity": "sha512-4ZUTCFjt48Tdko0BrwQqIhl7QoN6rhoQP1hgIJWFA5NpwQYppByW2aJn28J6fn8yCeTeD9oGn18VQehIYHsgbA==",
      "optional": true
    },
    "@next/swc-linux-x64-gnu": {
      "version": "13.2.5-canary.27",
      "resolved": "https://registry.npmjs.org/@next/swc-linux-x64-gnu/-/swc-linux-x64-gnu-13.2.5-canary.27.tgz",
      "integrity": "sha512-iQtRsLDVDCbCyLqIct0J8BdTrcscIpqsh4LDmbn3TFwgdufSUjJwTAYxf0Hzh/TgLnOxEmIe5PYbPHmmZ55Zqg==",
      "optional": true
    },
    "@next/swc-linux-x64-musl": {
      "version": "13.2.5-canary.27",
      "resolved": "https://registry.npmjs.org/@next/swc-linux-x64-musl/-/swc-linux-x64-musl-13.2.5-canary.27.tgz",
      "integrity": "sha512-OzoHktZCNTP58wIPR2KZ0s1dhnQUhEm90WhgwhhuOPgnR0O4iE0UIbgTM7pera7VYLo9/XSGyIREn3pOzzBkJA==",
      "optional": true
    },
    "@next/swc-win32-arm64-msvc": {
      "version": "13.2.5-canary.27",
      "resolved": "https://registry.npmjs.org/@next/swc-win32-arm64-msvc/-/swc-win32-arm64-msvc-13.2.5-canary.27.tgz",
      "integrity": "sha512-5BVLPCLAqeSvkTW/pe5sIZqwX6+Z0D+V5BXn8ZBBidH0KsPM7DvAlgSKp/pVfbt93zq0jsan/kIJlG1L1W2I9w==",
      "optional": true
    },
    "@next/swc-win32-ia32-msvc": {
      "version": "13.2.5-canary.27",
      "resolved": "https://registry.npmjs.org/@next/swc-win32-ia32-msvc/-/swc-win32-ia32-msvc-13.2.5-canary.27.tgz",
      "integrity": "sha512-dQeM3taCyjI2Gf+OFp3PXnQJtLwxLGfsZ2VTNh8rsEp6xrtsflo1DeodkT7ItJkgEeX8/ft1ijAmE2QZu0CaVQ==",
      "optional": true
    },
    "@next/swc-win32-x64-msvc": {
      "version": "13.2.5-canary.27",
      "resolved": "https://registry.npmjs.org/@next/swc-win32-x64-msvc/-/swc-win32-x64-msvc-13.2.5-canary.27.tgz",
      "integrity": "sha512-iX/0eLNRKyFXSKVnwWp+AK3Lnid8vqjqrfWj6Z/skxWFsKxPXTakU9t8m/UDVsFjVaoJvtkjcxbrB+lGBMlc7A==",
      "optional": true
    },
    "@swc/helpers": {
      "version": "0.4.14",
      "resolved": "https://registry.npmjs.org/@swc/helpers/-/helpers-0.4.14.tgz",
      "integrity": "sha512-4C7nX/dvpzB7za4Ql9K81xK3HPxCpHMgwTZVyf+9JQ6VUbn9jjZVN7/Nkdz/Ugzs2CSjqnL/UPXroiVBVHUWUw==",
      "requires": {
        "tslib": "^2.4.0"
      }
    },
    "@types/node": {
      "version": "18.15.11",
      "resolved": "https://registry.npmjs.org/@types/node/-/node-18.15.11.tgz",
      "integrity": "sha512-E5Kwq2n4SbMzQOn6wnmBjuK9ouqlURrcZDVfbo9ftDDTFt3nk7ZKK4GMOzoYgnpQJKcxwQw+lGaBvvlMo0qN/Q==",
      "dev": true
    },
    "@types/prop-types": {
      "version": "15.7.5",
      "resolved": "https://registry.npmjs.org/@types/prop-types/-/prop-types-15.7.5.tgz",
      "integrity": "sha512-JCB8C6SnDoQf0cNycqd/35A7MjcnK+ZTqE7judS6o7utxUCg6imJg3QK2qzHKszlTjcj2cn+NwMB2i96ubpj7w==",
      "dev": true
    },
    "@types/react": {
      "version": "18.0.33",
      "resolved": "https://registry.npmjs.org/@types/react/-/react-18.0.33.tgz",
      "integrity": "sha512-sHxzVxeanvQyQ1lr8NSHaj0kDzcNiGpILEVt69g9S31/7PfMvNCKLKcsHw4lYKjs3cGNJjXSP4mYzX43QlnjNA==",
      "dev": true,
      "requires": {
        "@types/prop-types": "*",
        "@types/scheduler": "*",
        "csstype": "^3.0.2"
      }
    },
    "@types/scheduler": {
      "version": "0.16.3",
      "resolved": "https://registry.npmjs.org/@types/scheduler/-/scheduler-0.16.3.tgz",
      "integrity": "sha512-5cJ8CB4yAx7BH1oMvdU0Jh9lrEXyPkar6F9G/ERswkCuvP4KQZfZkSjcMbAICCpQTN4OuZn8tz0HiKv9TGZgrQ==",
      "dev": true
    },
    "busboy": {
      "version": "1.6.0",
      "resolved": "https://registry.npmjs.org/busboy/-/busboy-1.6.0.tgz",
      "integrity": "sha512-8SFQbg/0hQ9xy3UNTB0YEnsNBbWfhf7RtnzpL7TkBiTBRfrQ9Fxcnz7VJsleJpyp6rVLvXiuORqjlHi5q+PYuA==",
      "requires": {
        "streamsearch": "^1.1.0"
      }
    },
    "caniuse-lite": {
      "version": "1.0.30001476",
      "resolved": "https://registry.npmjs.org/caniuse-lite/-/caniuse-lite-1.0.30001476.tgz",
      "integrity": "sha512-JmpktFppVSvyUN4gsLS0bShY2L9ZUslHLE72vgemBkS43JD2fOvKTKs+GtRwuxrtRGnwJFW0ye7kWRRlLJS9vQ=="
    },
    "client-only": {
      "version": "0.0.1",
      "resolved": "https://registry.npmjs.org/client-only/-/client-only-0.0.1.tgz",
      "integrity": "sha512-IV3Ou0jSMzZrd3pZ48nLkT9DA7Ag1pnPzaiQhpW7c3RbcqqzvzzVu+L8gfqMp/8IM2MQtSiqaCxrrcfu8I8rMA=="
    },
    "csstype": {
      "version": "3.1.2",
      "resolved": "https://registry.npmjs.org/csstype/-/csstype-3.1.2.tgz",
      "integrity": "sha512-I7K1Uu0MBPzaFKg4nI5Q7Vs2t+3gWWW648spaF+Rg7pI9ds18Ugn+lvg4SHczUdKlHI5LWBXyqfS8+DufyBsgQ==",
      "dev": true
    },
    "js-tokens": {
      "version": "4.0.0",
      "resolved": "https://registry.npmjs.org/js-tokens/-/js-tokens-4.0.0.tgz",
      "integrity": "sha512-RdJUflcE3cUzKiMqQgsCu06FPu9UdIJO0beYbPhHN4k6apgJtifcoCtT9bcxOpYBtpD2kCM6Sbzg4CausW/PKQ=="
    },
    "loose-envify": {
      "version": "1.4.0",
      "resolved": "https://registry.npmjs.org/loose-envify/-/loose-envify-1.4.0.tgz",
      "integrity": "sha512-lyuxPGr/Wfhrlem2CL/UcnUc1zcqKAImBDzukY7Y5F/yQiNdko6+fRLevlw1HgMySw7f611UIY408EtxRSoK3Q==",
      "requires": {
        "js-tokens": "^3.0.0 || ^4.0.0"
      }
    },
    "nanoid": {
      "version": "3.3.6",
      "resolved": "https://registry.npmjs.org/nanoid/-/nanoid-3.3.6.tgz",
      "integrity": "sha512-BGcqMMJuToF7i1rt+2PWSNVnWIkGCU78jBG3RxO/bZlnZPK2Cmi2QaffxGO/2RvWi9sL+FAiRiXMgsyxQ1DIDA=="
    },
    "next": {
      "version": "13.2.5-canary.27",
      "resolved": "https://registry.npmjs.org/next/-/next-13.2.5-canary.27.tgz",
      "integrity": "sha512-pkT2rkzqHPUYm9lGIKfE78jmw3sFVd+5TtGrielCZkhftRW2SWCsf+5F007rkjrjXdvI7CDLnNU1nnePmRWxKg==",
      "requires": {
        "@next/env": "13.2.5-canary.27",
        "@next/swc-darwin-arm64": "13.2.5-canary.27",
        "@next/swc-darwin-x64": "13.2.5-canary.27",
        "@next/swc-linux-arm64-gnu": "13.2.5-canary.27",
        "@next/swc-linux-arm64-musl": "13.2.5-canary.27",
        "@next/swc-linux-x64-gnu": "13.2.5-canary.27",
        "@next/swc-linux-x64-musl": "13.2.5-canary.27",
        "@next/swc-win32-arm64-msvc": "13.2.5-canary.27",
        "@next/swc-win32-ia32-msvc": "13.2.5-canary.27",
        "@next/swc-win32-x64-msvc": "13.2.5-canary.27",
        "@swc/helpers": "0.4.14",
        "busboy": "1.6.0",
        "caniuse-lite": "^1.0.30001406",
        "postcss": "8.4.14",
        "styled-jsx": "5.1.1"
      }
    },
    "picocolors": {
      "version": "1.0.0",
      "resolved": "https://registry.npmjs.org/picocolors/-/picocolors-1.0.0.tgz",
      "integrity": "sha512-1fygroTLlHu66zi26VoTDv8yRgm0Fccecssto+MhsZ0D/DGW2sm8E8AjW7NU5VVTRt5GxbeZ5qBuJr+HyLYkjQ=="
    },
    "postcss": {
      "version": "8.4.14",
      "resolved": "https://registry.npmjs.org/postcss/-/postcss-8.4.14.tgz",
      "integrity": "sha512-E398TUmfAYFPBSdzgeieK2Y1+1cpdxJx8yXbK/m57nRhKSmk1GB2tO4lbLBtlkfPQTDKfe4Xqv1ASWPpayPEig==",
      "requires": {
        "nanoid": "^3.3.4",
        "picocolors": "^1.0.0",
        "source-map-js": "^1.0.2"
      }
    },
    "react": {
      "version": "18.2.0",
      "resolved": "https://registry.npmjs.org/react/-/react-18.2.0.tgz",
      "integrity": "sha512-/3IjMdb2L9QbBdWiW5e3P2/npwMBaU9mHCSCUzNln0ZCYbcfTsGbTJrU/kGemdH2IWmB2ioZ+zkxtmq6g09fGQ==",
      "requires": {
        "loose-envify": "^1.1.0"
      }
    },
    "react-dom": {
      "version": "18.2.0",
      "resolved": "https://registry.npmjs.org/react-dom/-/react-dom-18.2.0.tgz",
      "integrity": "sha512-6IMTriUmvsjHUjNtEDudZfuDQUoWXVxKHhlEGSk81n4YFS+r/Kl99wXiwlVXtPBtJenozv2P+hxDsw9eA7Xo6g==",
      "requires": {
        "loose-envify": "^1.1.0",
        "scheduler": "^0.23.0"
      }
    },
    "scheduler": {
      "version": "0.23.0",
      "resolved": "https://registry.npmjs.org/scheduler/-/scheduler-0.23.0.tgz",
      "integrity": "sha512-CtuThmgHNg7zIZWAXi3AsyIzA3n4xx7aNyjwC2VJldO2LMVDhFK+63xGqq6CsJH4rTAt6/M+N4GhZiDYPx9eUw==",
      "requires": {
        "loose-envify": "^1.1.0"
      }
    },
    "source-map-js": {
      "version": "1.0.2",
      "resolved": "https://registry.npmjs.org/source-map-js/-/source-map-js-1.0.2.tgz",
      "integrity": "sha512-R0XvVJ9WusLiqTCEiGCmICCMplcCkIwwR11mOSD9CR5u+IXYdiseeEuXCVAjS54zqwkLcPNnmU4OeJ6tUrWhDw=="
    },
    "streamsearch": {
      "version": "1.1.0",
      "resolved": "https://registry.npmjs.org/streamsearch/-/streamsearch-1.1.0.tgz",
      "integrity": "sha512-Mcc5wHehp9aXz1ax6bZUyY5afg9u2rv5cqQI3mRrYkGC8rW2hM02jWuwjtL++LS5qinSyhj2QfLyNsuc+VsExg=="
    },
    "styled-jsx": {
      "version": "5.1.1",
      "resolved": "https://registry.npmjs.org/styled-jsx/-/styled-jsx-5.1.1.tgz",
      "integrity": "sha512-pW7uC1l4mBZ8ugbiZrcIsiIvVx1UmTfw7UkC3Um2tmfUq9Bhk8IiyEIPl6F8agHgjzku6j0xQEZbfA5uSgSaCw==",
      "requires": {
        "client-only": "0.0.1"
      }
    },
    "tslib": {
      "version": "2.5.0",
      "resolved": "https://registry.npmjs.org/tslib/-/tslib-2.5.0.tgz",
      "integrity": "sha512-336iVw3rtn2BUK7ORdIAHTyxHGRIHVReokCR3XjbckJMK7ms8FysBfhLR8IXnAgy7T0PTPNBWKiH514FOW/WSg=="
    },
    "typescript": {
      "version": "4.9.5",
      "resolved": "https://registry.npmjs.org/typescript/-/typescript-4.9.5.tgz",
      "integrity": "sha512-1FXk9E2Hm+QzZQ7z+McJiHL4NW1F2EzMu9Nq9i3zAaGqibafqYwCVU6WyWAuyQRRzOlxou8xZSyXLEN8oKj24g==",
      "dev": true
    }
  }
}
